# This file is automatically @generated by Cargo.
# It is not intended for manual editing.
version = 3

[[package]]
name = "index_list"
version = "0.2.7"
source = "registry+https://github.com/rust-lang/crates.io-index"
checksum = "5a9d968042a4902e08810946fc7cd5851eb75e80301342305af755ca06cb82ce"

[[package]]
name = "lru"
version = "0.1.0"
dependencies = [
 "index_list",
]
